
Microsoft Visual Studio Solution File, Format Version 12.00
# Visual Studio Version 16
VisualStudioVersion = 16.0.31624.102
MinimumVisualStudioVersion = 10.0.40219.1
Project("{8BC9CEB8-8B4A-11D0-8D11-00A0C91BC942}") = "6.3", "6.3.vcxproj", "{93DC9DC1-099B-47BD-B587-1EC33C153321}"
EndProject
Project("{8BC9CEB8-8B4A-11D0-8D11-00A0C91BC942}") = "UnitTest199", "..\UnitTest199\UnitTest199.vcxproj", "{570CBA16-77A1-4DC0-8D53-E5835B5829F0}"
EndProject
Global
	GlobalSection(SolutionConfigurationPlatforms) = preSolution
		Debug|x64 = Debug|x64
		Debug|x86 = Debug|x86
		Release|x64 = Release|x64
		Release|x86 = Release|x86
	EndGlobalSection
	GlobalSection(ProjectConfigurationPlatforms) = postSolution
		{93DC9DC1-099B-47BD-B587-1EC33C153321}.Debug|x64.ActiveCfg = Debug|x64
		{93DC9DC1-099B-47BD-B587-1EC33C153321}.Debug|x64.Build.0 = Debug|x64
		{93DC9DC1-099B-47BD-B587-1EC33C153321}.Debug|x86.ActiveCfg = Debug|Win32
		{93DC9DC1-099B-47BD-B587-1EC33C153321}.Debug|x86.Build.0 = Debug|Win32
		{93DC9DC1-099B-47BD-B587-1EC33C153321}.Release|x64.ActiveCfg = Release|x64
		{93DC9DC1-099B-47BD-B587-1EC33C153321}.Release|x64.Build.0 = Release|x64
		{93DC9DC1-099B-47BD-B587-1EC33C153321}.Release|x86.ActiveCfg = Release|Win32
		{93DC9DC1-099B-47BD-B587-1EC33C153321}.Release|x86.Build.0 = Release|Win32
		{570CBA16-77A1-4DC0-8D53-E5835B5829F0}.Debug|x64.ActiveCfg = Debug|x64
		{570CBA16-77A1-4DC0-8D53-E5835B5829F0}.Debug|x64.Build.0 = Debug|x64
		{570CBA16-77A1-4DC0-8D53-E5835B5829F0}.Debug|x86.ActiveCfg = Debug|Win32
		{570CBA16-77A1-4DC0-8D53-E5835B5829F0}.Debug|x86.Build.0 = Debug|Win32
		{570CBA16-77A1-4DC0-8D53-E5835B5829F0}.Release|x64.ActiveCfg = Release|x64
		{570CBA16-77A1-4DC0-8D53-E5835B5829F0}.Release|x64.Build.0 = Release|x64
		{570CBA16-77A1-4DC0-8D53-E5835B5829F0}.Release|x86.ActiveCfg = Release|Win32
		{570CBA16-77A1-4DC0-8D53-E5835B5829F0}.Release|x86.Build.0 = Release|Win32
	EndGlobalSection
	GlobalSection(SolutionProperties) = preSolution
		HideSolutionNode = FALSE
	EndGlobalSection
	GlobalSection(ExtensibilityGlobals) = postSolution
		SolutionGuid = {196A3C69-29E5-402C-B985-5832B7D6E8C6}
	EndGlobalSection
EndGlobal
